// !$*UTF8*$!
{
	archiveVersion = 1;
	classes = {
	};
	objectVersion = 46;
	objects = {

/* Begin PBXBuildFile section */
		8FDC26E91D361B1900CBCDFB /* main.m in Sources */ = {isa = PBXBuildFile; fileRef = 8FDC26E81D361B1900CBCDFB /* main.m */; };
		8FDC26EC1D361B1900CBCDFB /* AppDelegate.m in Sources */ = {isa = PBXBuildFile; fileRef = 8FDC26EB1D361B1900CBCDFB /* AppDelegate.m */; };
		8FDC26EF1D361B1900CBCDFB /* ViewController.m in Sources */ = {isa = PBXBuildFile; fileRef = 8FDC26EE1D361B1900CBCDFB /* ViewController.m */; };
		8FDC26F21D361B1900CBCDFB /* Main.storyboard in Resources */ = {isa = PBXBuildFile; fileRef = 8FDC26F01D361B1900CBCDFB /* Main.storyboard */; };
		8FDC26F41D361B1900CBCDFB /* Assets.xcassets in Resources */ = {isa = PBXBuildFile; fileRef = 8FDC26F31D361B1900CBCDFB /* Assets.xcassets */; };
		8FDC26F71D361B1900CBCDFB /* LaunchScreen.storyboard in Resources */ = {isa = PBXBuildFile; fileRef = 8FDC26F51D361B1900CBCDFB /* LaunchScreen.storyboard */; };
		8FDC27021D361B1A00CBCDFB /* WWWWTests.m in Sources */ = {isa = PBXBuildFile; fileRef = 8FDC27011D361B1A00CBCDFB /* WWWWTests.m */; };
		8FDC270E1D361B2400CBCDFB /* P.m in Sources */ = {isa = PBXBuildFile; fileRef = 8FDC270D1D361B2400CBCDFB /* P.m */; };
/* End PBXBuildFile section */

/* Begin PBXContainerItemProxy section */
		8FDC26FE1D361B1A00CBCDFB /* PBXContainerItemProxy */ = {
			isa = PBXContainerItemProxy;
			containerPortal = 8FDC26DC1D361B1900CBCDFB /* Project object */;
			proxyType = 1;
			remoteGlobalIDString = 8FDC26E31D361B1900CBCDFB;
			remoteInfo = WWWW;
		};
/* End PBXContainerItemProxy section */

/* Begin PBXFileReference section */
		8FDC26E41D361B1900CBCDFB /* WWWW.app */ = {isa = PBXFileReference; explicitFileType = wrapper.application; includeInIndex = 0; path = WWWW.app; sourceTree = BUILT_PRODUCTS_DIR; };
		8FDC26E81D361B1900CBCDFB /* main.m */ = {isa = PBXFileReference; lastKnownFileType = sourcecode.c.objc; path = main.m; sourceTree = "<group>"; };
		8FDC26EA1D361B1900CBCDFB /* AppDelegate.h */ = {isa = PBXFileReference; lastKnownFileType = sourcecode.c.h; path = AppDelegate.h; sourceTree = "<group>"; };
		8FDC26EB1D361B1900CBCDFB /* AppDelegate.m */ = {isa = PBXFileReference; lastKnownFileType = sourcecode.c.objc; path = AppDelegate.m; sourceTree = "<group>"; };
		8FDC26ED1D361B1900CBCDFB /* ViewController.h */ = {isa = PBXFileReference; lastKnownFileType = sourcecode.c.h; path = ViewController.h; sourceTree = "<group>"; };
		8FDC26EE1D361B1900CBCDFB /* ViewController.m */ = {isa = PBXFileReference; lastKnownFileType = sourcecode.c.objc; path = ViewController.m; sourceTree = "<group>"; };
		8FDC26F11D361B1900CBCDFB /* Base */ = {isa = PBXFileReference; lastKnownFileType = file.storyboard; name = Base; path = Base.lproj/Main.storyboard; sourceTree = "<group>"; };
		8FDC26F31D361B1900CBCDFB /* Assets.xcassets */ = {isa = PBXFileReference; lastKnownFileType = folder.assetcatalog; path = Assets.xcassets; sourceTree = "<group>"; };
		8FDC26F61D361B1900CBCDFB /* Base */ = {isa = PBXFileReference; lastKnownFileType = file.storyboard; name = Base; path = Base.lproj/LaunchScreen.storyboard; sourceTree = "<group>"; };
		8FDC26F81D361B1900CBCDFB /* Info.plist */ = {isa = PBXFileReference; lastKnownFileType = text.plist.xml; path = Info.plist; sourceTree = "<group>"; };
		8FDC26FD1D361B1A00CBCDFB /* WWWWTests.xctest */ = {isa = PBXFileReference; explicitFileType = wrapper.cfbundle; includeInIndex = 0; path = WWWWTests.xctest; sourceTree = BUILT_PRODUCTS_DIR; };
		8FDC27011D361B1A00CBCDFB /* WWWWTests.m */ = {isa = PBXFileReference; lastKnownFileType = sourcecode.c.objc; path = WWWWTests.m; sourceTree = "<group>"; };
		8FDC27031D361B1A00CBCDFB /* Info.plist */ = {isa = PBXFileReference; lastKnownFileType = text.plist.xml; path = Info.plist; sourceTree = "<group>"; };
		8FDC270C1D361B2400CBCDFB /* P.h */ = {isa = PBXFileReference; fileEncoding = 4; lastKnownFileType = sourcecode.c.h; path = P.h; sourceTree = "<group>"; };
		8FDC270D1D361B2400CBCDFB /* P.m */ = {isa = PBXFileReference; fileEncoding = 4; lastKnownFileType = sourcecode.c.objc; path = P.m; sourceTree = "<group>"; };
/* End PBXFileReference section */

/* Begin PBXFrameworksBuildPhase section */
		8FDC26E11D361B1900CBCDFB /* Frameworks */ = {
			isa = PBXFrameworksBuildPhase;
			buildActionMask = 2147483647;
			files = (
			);
			runOnlyForDeploymentPostprocessing = 0;
		};
		8FDC26FA1D361B1A00CBCDFB /* Frameworks */ = {
			isa = PBXFrameworksBuildPhase;
			buildActionMask = 2147483647;
			files = (
			);
			runOnlyForDeploymentPostprocessing = 0;
		};
/* End PBXFrameworksBuildPhase section */

/* Begin PBXGroup section */
		8FDC26DB1D361B1900CBCDFB = {
			isa = PBXGroup;
			children = (
				8FDC270C1D361B2400CBCDFB /* P.h */,
				8FDC270D1D361B2400CBCDFB /* P.m */,
				8FDC26E61D361B1900CBCDFB /* WWWW */,
				8FDC27001D361B1A00CBCDFB /* WWWWTests */,
				8FDC26E51D361B1900CBCDFB /* Products */,
			);
			sourceTree = "<group>";
		};
		8FDC26E51D361B1900CBCDFB /* Products */ = {
			isa = PBXGroup;
			children = (
				8FDC26E41D361B1900CBCDFB /* WWWW.app */,
				8FDC26FD1D361B1A00CBCDFB /* WWWWTests.xctest */,
			);
			name = Products;
			sourceTree = "<group>";
		};
		8FDC26E61D361B1900CBCDFB /* WWWW */ = {
			isa = PBXGroup;
			children = (
				8FDC26EA1D361B1900CBCDFB /* AppDelegate.h */,
				8FDC26EB1D361B1900CBCDFB /* AppDelegate.m */,
				8FDC26ED1D361B1900CBCDFB /* ViewController.h */,
				8FDC26EE1D361B1900CBCDFB /* ViewController.m */,
				8FDC26F01D361B1900CBCDFB /* Main.storyboard */,
				8FDC26F31D361B1900CBCDFB /* Assets.xcassets */,
				8FDC26F51D361B1900CBCDFB /* LaunchScreen.storyboard */,
				8FDC26F81D361B1900CBCDFB /* Info.plist */,
				8FDC26E71D361B1900CBCDFB /* Supporting Files */,
			);
			path = WWWW;
			sourceTree = "<group>";
		};
		8FDC26E71D361B1900CBCDFB /* Supporting Files */ = {
			isa = PBXGroup;
			children = (
				8FDC26E81D361B1900CBCDFB /* main.m */,
			);
			name = "Supporting Files";
			sourceTree = "<group>";
		};
		8FDC27001D361B1A00CBCDFB /* WWWWTests */ = {
			isa = PBXGroup;
			children = (
				8FDC27011D361B1A00CBCDFB /* WWWWTests.m */,
				8FDC27031D361B1A00CBCDFB /* Info.plist */,
			);
			path = WWWWTests;
			sourceTree = "<group>";
		};
/* End PBXGroup section */

/* Begin PBXNativeTarget section */
		8FDC26E31D361B1900CBCDFB /* WWWW */ = {
			isa = PBXNativeTarget;
			buildConfigurationList = 8FDC27061D361B1A00CBCDFB /* Build configuration list for PBXNativeTarget "WWWW" */;
			buildPhases = (
				8FDC26E01D361B1900CBCDFB /* Sources */,
				8FDC26E11D361B1900CBCDFB /* Frameworks */,
				8FDC26E21D361B1900CBCDFB /* Resources */,
			);
			buildRules = (
			);
			dependencies = (
			);
			name = WWWW;
			productName = WWWW;
			productReference = 8FDC26E41D361B1900CBCDFB /* WWWW.app */;
			productType = "com.apple.product-type.application";
		};
		8FDC26FC1D361B1A00CBCDFB /* WWWWTests */ = {
			isa = PBXNativeTarget;
			buildConfigurationList = 8FDC27091D361B1A00CBCDFB /* Build configuration list for PBXNativeTarget "WWWWTests" */;
			buildPhases = (
				8FDC26F91D361B1A00CBCDFB /* Sources */,
				8FDC26FA1D361B1A00CBCDFB /* Frameworks */,
				8FDC26FB1D361B1A00CBCDFB /* Resources */,
			);
			buildRules = (
			);
			dependencies = (
				8FDC26FF1D361B1A00CBCDFB /* PBXTargetDependency */,
			);
			name = WWWWTests;
			productName = WWWWTests;
			productReference = 8FDC26FD1D361B1A00CBCDFB /* WWWWTests.xctest */;
			productType = "com.apple.product-type.bundle.unit-test";
		};
/* End PBXNativeTarget section */

/* Begin PBXProject section */
		8FDC26DC1D361B1900CBCDFB /* Project object */ = {
			isa = PBXProject;
			attributes = {
				LastUpgradeCheck = 0720;
				ORGANIZATIONNAME = lanoukeji;
				TargetAttributes = {
					8FDC26E31D361B1900CBCDFB = {
						CreatedOnToolsVersion = 7.2.1;
					};
					8FDC26FC1D361B1A00CBCDFB = {
						CreatedOnToolsVersion = 7.2.1;
						TestTargetID = 8FDC26E31D361B1900CBCDFB;
					};
				};
			};
			buildConfigurationList = 8FDC26DF1D361B1900CBCDFB /* Build configuration list for PBXProject "WWWW" */;
			compatibilityVersion = "Xcode 3.2";
			developmentRegion = English;
			hasScannedForEncodings = 0;
			knownRegions = (
				en,
				Base,
			);
			mainGroup = 8FDC26DB1D361B1900CBCDFB;
			productRefGroup = 8FDC26E51D361B1900CBCDFB /* Products */;
			projectDirPath = "";
			projectRoot = "";
			targets = (
				8FDC26E31D361B1900CBCDFB /* WWWW */,
				8FDC26FC1D361B1A00CBCDFB /* WWWWTests */,
			);
		};
/* End PBXProject section */

/* Begin PBXResourcesBuildPhase section */
		8FDC26E21D361B1900CBCDFB /* Resources */ = {
			isa = PBXResourcesBuildPhase;
			buildActionMask = 2147483647;
			files = (
				8FDC26F71D361B1900CBCDFB /* LaunchScreen.storyboard in Resources */,
				8FDC26F41D361B1900CBCDFB /* Assets.xcassets in Resources */,
				8FDC26F21D361B1900CBCDFB /* Main.storyboard in Resources */,
			);
			runOnlyForDeploymentPostprocessing = 0;
		};
		8FDC26FB1D361B1A00CBCDFB /* Resources */ = {
			isa = PBXResourcesBuildPhase;
			buildActionMask = 2147483647;
			files = (
			);
			runOnlyForDeploymentPostprocessing = 0;
		};
/* End PBXResourcesBuildPhase section */

/* Begin PBXSourcesBuildPhase section */
		8FDC26E01D361B1900CBCDFB /* Sources */ = {
			isa = PBXSourcesBuildPhase;
			buildActionMask = 2147483647;
			files = (
				8FDC26EF1D361B1900CBCDFB /* ViewController.m in Sources */,
				8FDC26EC1D361B1900CBCDFB /* AppDelegate.m in Sources */,
				8FDC270E1D361B2400CBCDFB /* P.m in Sources */,
				8FDC26E91D361B1900CBCDFB /* main.m in Sources */,
			);
			runOnlyForDeploymentPostprocessing = 0;
		};
		8FDC26F91D361B1A00CBCDFB /* Sources */ = {
			isa = PBXSourcesBuildPhase;
			buildActionMask = 2147483647;
			files = (
				8FDC27021D361B1A00CBCDFB /* WWWWTests.m in Sources */,
			);
			runOnlyForDeploymentPostprocessing = 0;
		};
/* End PBXSourcesBuildPhase section */

/* Begin PBXTargetDependency section */
		8FDC26FF1D361B1A00CBCDFB /* PBXTargetDependency */ = {
			isa = PBXTargetDependency;
			target = 8FDC26E31D361B1900CBCDFB /* WWWW */;
			targetProxy = 8FDC26FE1D361B1A00CBCDFB /* PBXContainerItemProxy */;
		};
/* End PBXTargetDependency section */

/* Begin PBXVariantGroup section */
		8FDC26F01D361B1900CBCDFB /* Main.storyboard */ = {
			isa = PBXVariantGroup;
			children = (
				8FDC26F11D361B1900CBCDFB /* Base */,
			);
			name = Main.storyboard;
			sourceTree = "<group>";
		};
		8FDC26F51D361B1900CBCDFB /* LaunchScreen.storyboard */ = {
			isa = PBXVariantGroup;
			children = (
				8FDC26F61D361B1900CBCDFB /* Base */,
			);
			name = LaunchScreen.storyboard;
			sourceTree = "<group>";
		};
/* End PBXVariantGroup section */

/* Begin XCBuildConfiguration section */
		8FDC27041D361B1A00CBCDFB /* Debug */ = {
			isa = XCBuildConfiguration;
			buildSettings = {
				ALWAYS_SEARCH_USER_PATHS = NO;
				CLANG_CXX_LANGUAGE_STANDARD = "gnu++0x";
				CLANG_CXX_LIBRARY = "libc++";
				CLANG_ENABLE_MODULES = YES;
				CLANG_ENABLE_OBJC_ARC = YES;
				CLANG_WARN_BOOL_CONVERSION = YES;
				CLANG_WARN_CONSTANT_CONVERSION = YES;
				CLANG_WARN_DIRECT_OBJC_ISA_USAGE = YES_ERROR;
				CLANG_WARN_EMPTY_BODY = YES;
				CLANG_WARN_ENUM_CONVERSION = YES;
				CLANG_WARN_INT_CONVERSION = YES;
				CLANG_WARN_OBJC_ROOT_CLASS = YES_ERROR;
				CLANG_WARN_UNREACHABLE_CODE = YES;
				CLANG_WARN__DUPLICATE_METHOD_MATCH = YES;
				"CODE_SIGN_IDENTITY[sdk=iphoneos*]" = "iPhone Developer";
				COPY_PHASE_STRIP = NO;
				DEBUG_INFORMATION_FORMAT = dwarf;
				ENABLE_STRICT_OBJC_MSGSEND = YES;
				ENABLE_TESTABILITY = YES;
				GCC_C_LANGUAGE_STANDARD = gnu99;
				GCC_DYNAMIC_NO_PIC = NO;
				GCC_NO_COMMON_BLOCKS = YES;
				GCC_OPTIMIZATION_LEVEL = 0;
				GCC_PREPROCESSOR_DEFINITIONS = (
					"DEBUG=1",
					"$(inherited)",
				);
				GCC_WARN_64_TO_32_BIT_CONVERSION = YES;
				GCC_WARN_ABOUT_RETURN_TYPE = YES_ERROR;
				GCC_WARN_UNDECLARED_SELECTOR = YES;
				GCC_WARN_UNINITIALIZED_AUTOS = YES_AGGRESSIVE;
				GCC_WARN_UNUSED_FUNCTION = YES;
				GCC_WARN_UNUSED_VARIABLE = YES;
				IPHONEOS_DEPLOYMENT_TARGET = 9.2;
				MTL_ENABLE_DEBUG_INFO = YES;
				ONLY_ACTIVE_ARCH = YES;
				SDKROOT = iphoneos;
				TARGETED_DEVICE_FAMILY = "1,2";
			};
			name = Debug;
		};
		8FDC27051D361B1A00CBCDFB /* Release */ = {
			isa = XCBuildConfiguration;
			buildSettings = {
				ALWAYS_SEARCH_USER_PATHS = NO;
				CLANG_CXX_LANGUAGE_STANDARD = "gnu++0x";
				CLANG_CXX_LIBRARY = "libc++";
				CLANG_ENABLE_MODULES = YES;
				CLANG_ENABLE_OBJC_ARC = YES;
				CLANG_WARN_BOOL_CONVERSION = YES;
				CLANG_WARN_CONSTANT_CONVERSION = YES;
				CLANG_WARN_DIRECT_OBJC_ISA_USAGE = YES_ERROR;
				CLANG_WARN_EMPTY_BODY = YES;
				CLANG_WARN_ENUM_CONVERSION = YES;
				CLANG_WARN_INT_CONVERSION = YES;
				CLANG_WARN_OBJC_ROOT_CLASS = YES_ERROR;
				CLANG_WARN_UNREACHABLE_CODE = YES;
				CLANG_WARN__DUPLICATE_METHOD_MATCH = YES;
				"CODE_SIGN_IDENTITY[sdk=iphoneos*]" = "iPhone Developer";
				COPY_PHASE_STRIP = NO;
				DEBUG_INFORMATION_FORMAT = "dwarf-with-dsym";
				ENABLE_NS_ASSERTIONS = NO;
				ENABLE_STRICT_OBJC_MSGSEND = YES;
				GCC_C_LANGUAGE_STANDARD = gnu99;
				GCC_NO_COMMON_BLOCKS = YES;
				GCC_WARN_64_TO_32_BIT_CONVERSION = YES;
				GCC_WARN_ABOUT_RETURN_TYPE = YES_ERROR;
				GCC_WARN_UNDECLARED_SELECTOR = YES;
				GCC_WARN_UNINITIALIZED_AUTOS = YES_AGGRESSIVE;
				GCC_WARN_UNUSED_FUNCTION = YES;
				GCC_WARN_UNUSED_VARIABLE = YES;
				IPHONEOS_DEPLOYMENT_TARGET = 9.2;
				MTL_ENABLE_DEBUG_INFO = NO;
				SDKROOT = iphoneos;
				TARGETED_DEVICE_FAMILY = "1,2";
				VALIDATE_PRODUCT = YES;
			};
			name = Release;
		};
		8FDC27071D361B1A00CBCDFB /* Debug */ = {
			isa = XCBuildConfiguration;
			buildSettings = {
				ASSETCATALOG_COMPILER_APPICON_NAME = AppIcon;
				INFOPLIST_FILE = WWWW/Info.plist;
				LD_RUNPATH_SEARCH_PATHS = "$(inherited) @executable_path/Frameworks";
				PRODUCT_BUNDLE_IDENTIFIER = com.lanoukeji.WWWW;
				PRODUCT_NAME = "$(TARGET_NAME)";
			};
			name = Debug;
		};
		8FDC27081D361B1A00CBCDFB /* Release */ = {
			isa = XCBuildConfiguration;
			buildSettings = {
				ASSETCATALOG_COMPILER_APPICON_NAME = AppIcon;
				INFOPLIST_FILE = WWWW/Info.plist;
				LD_RUNPATH_SEARCH_PATHS = "$(inherited) @executable_path/Frameworks";
				PRODUCT_BUNDLE_IDENTIFIER = com.lanoukeji.WWWW;
				PRODUCT_NAME = "$(TARGET_NAME)";
			};
			name = Release;
		};
		8FDC270A1D361B1A00CBCDFB /* Debug */ = {
			isa = XCBuildConfiguration;
			buildSettings = {
				BUNDLE_LOADER = "$(TEST_HOST)";
				INFOPLIST_FILE = WWWWTests/Info.plist;
				LD_RUNPATH_SEARCH_PATHS = "$(inherited) @executable_path/Frameworks @loader_path/Frameworks";
				PRODUCT_BUNDLE_IDENTIFIER = com.lanoukeji.WWWWTests;
				PRODUCT_NAME = "$(TARGET_NAME)";
				TEST_HOST = "$(BUILT_PRODUCTS_DIR)/WWWW.app/WWWW";
			};
			name = Debug;
		};
		8FDC270B1D361B1A00CBCDFB /* Release */ = {
			isa = XCBuildConfiguration;
			buildSettings = {
				BUNDLE_LOADER = "$(TEST_HOST)";
				INFOPLIST_FILE = WWWWTests/Info.plist;
				LD_RUNPATH_SEARCH_PATHS = "$(inherited) @executable_path/Frameworks @loader_path/Frameworks";
				PRODUCT_BUNDLE_IDENTIFIER = com.lanoukeji.WWWWTests;
				PRODUCT_NAME = "$(TARGET_NAME)";
				TEST_HOST = "$(BUILT_PRODUCTS_DIR)/WWWW.app/WWWW";
			};
			name = Release;
		};
/* End XCBuildConfiguration section */

/* Begin XCConfigurationList section */
		8FDC26DF1D361B1900CBCDFB /* Build configuration list for PBXProject "WWWW" */ = {
			isa = XCConfigurationList;
			buildConfigurations = (
				8FDC27041D361B1A00CBCDFB /* Debug */,
				8FDC27051D361B1A00CBCDFB /* Release */,
			);
			defaultConfigurationIsVisible = 0;
			defaultConfigurationName = Release;
		};
		8FDC27061D361B1A00CBCDFB /* Build configuration list for PBXNativeTarget "WWWW" */ = {
			isa = XCConfigurationList;
			buildConfigurations = (
				8FDC27071D361B1A00CBCDFB /* Debug */,
				8FDC27081D361B1A00CBCDFB /* Release */,
			);
			defaultConfigurationIsVisible = 0;
		};
		8FDC27091D361B1A00CBCDFB /* Build configuration list for PBXNativeTarget "WWWWTests" */ = {
			isa = XCConfigurationList;
			buildConfigurations = (
				8FDC270A1D361B1A00CBCDFB /* Debug */,
				8FDC270B1D361B1A00CBCDFB /* Release */,
			);
			defaultConfigurationIsVisible = 0;
		};
/* End XCConfigurationList section */
	};
	rootObject = 8FDC26DC1D361B1900CBCDFB /* Project object */;
}
